// !$*UTF8*$!
{
	archiveVersion = 1;
	classes = {
	};
	objectVersion = 55;
	objects = {

/* Begin PBXBuildFile section */
		D933F033272FA9E700E04512 /* ComplicationView.swift in Sources */ = {isa = PBXBuildFile; fileRef = D933F032272FA9E700E04512 /* ComplicationView.swift */; };
		D97CE4DB272FE09D002EA8BF /* ContentView.swift in Sources */ = {isa = PBXBuildFile; fileRef = D97CE4DA272FE09D002EA8BF /* ContentView.swift */; };
		D97CE4DD272FE0A0002EA8BF /* Assets.xcassets in Resources */ = {isa = PBXBuildFile; fileRef = D97CE4DC272FE0A0002EA8BF /* Assets.xcassets */; };
		D97CE4E0272FE0A0002EA8BF /* Preview Assets.xcassets in Resources */ = {isa = PBXBuildFile; fileRef = D97CE4DF272FE0A0002EA8BF /* Preview Assets.xcassets */; };
		D97CE4E5272FE0B6002EA8BF /* ElapsedTimeView.swift in Sources */ = {isa = PBXBuildFile; fileRef = D9F65BD5272DAE22009AE4F0 /* ElapsedTimeView.swift */; };
		D97CE4E6272FE0B6002EA8BF /* ControlButton.swift in Sources */ = {isa = PBXBuildFile; fileRef = D9F65BC3272DA50A009AE4F0 /* ControlButton.swift */; };
		D97CE4E7272FE0B6002EA8BF /* Stopwatch.swift in Sources */ = {isa = PBXBuildFile; fileRef = D9F65BBF272DA402009AE4F0 /* Stopwatch.swift */; };
		D97CE4E8272FE0B6002EA8BF /* StopwatchApp.swift in Sources */ = {isa = PBXBuildFile; fileRef = D9F65BAC272DA2A8009AE4F0 /* StopwatchApp.swift */; };
		D97CE4E9272FE0B6002EA8BF /* StopwatchView.swift in Sources */ = {isa = PBXBuildFile; fileRef = D9F65BD3272DADFF009AE4F0 /* StopwatchView.swift */; };
		D97CE4EA272FE0B6002EA8BF /* LapTimeRow.swift in Sources */ = {isa = PBXBuildFile; fileRef = D9F65BC9272DAA38009AE4F0 /* LapTimeRow.swift */; };
		D97CE4EB272FE0B6002EA8BF /* RightButton.swift in Sources */ = {isa = PBXBuildFile; fileRef = D9F65BD1272DAC7D009AE4F0 /* RightButton.swift */; };
		D97CE4EC272FE0B6002EA8BF /* LeftButton.swift in Sources */ = {isa = PBXBuildFile; fileRef = D9F65BCF272DAC75009AE4F0 /* LeftButton.swift */; };
		D97CE4ED272FE0B6002EA8BF /* LapTimeList.swift in Sources */ = {isa = PBXBuildFile; fileRef = D9F65BCB272DAA4F009AE4F0 /* LapTimeList.swift */; };
		D97CE4EE272FE0B6002EA8BF /* TimeView.swift in Sources */ = {isa = PBXBuildFile; fileRef = D9F65BC5272DA594009AE4F0 /* TimeView.swift */; };
		D97CE4EF272FE0B6002EA8BF /* StopwatchControl.swift in Sources */ = {isa = PBXBuildFile; fileRef = D9F65BCD272DAC70009AE4F0 /* StopwatchControl.swift */; };
		D97CE4F0272FE0B6002EA8BF /* StopwatchManager.swift in Sources */ = {isa = PBXBuildFile; fileRef = D9F65BC1272DA41A009AE4F0 /* StopwatchManager.swift */; };
		D9991E69272EEE910006CC92 /* StopwatchManager.swift in Sources */ = {isa = PBXBuildFile; fileRef = D9F65BC1272DA41A009AE4F0 /* StopwatchManager.swift */; };
		D9991E6A272EEE910006CC92 /* StopwatchControl.swift in Sources */ = {isa = PBXBuildFile; fileRef = D9F65BCD272DAC70009AE4F0 /* StopwatchControl.swift */; };
		D9991E6B272EEE910006CC92 /* LeftButton.swift in Sources */ = {isa = PBXBuildFile; fileRef = D9F65BCF272DAC75009AE4F0 /* LeftButton.swift */; };
		D9991E6C272EEE910006CC92 /* LapTimeList.swift in Sources */ = {isa = PBXBuildFile; fileRef = D9F65BCB272DAA4F009AE4F0 /* LapTimeList.swift */; };
		D9991E6D272EEE910006CC92 /* TimeView.swift in Sources */ = {isa = PBXBuildFile; fileRef = D9F65BC5272DA594009AE4F0 /* TimeView.swift */; };
		D9991E6F272EEE910006CC92 /* ElapsedTimeView.swift in Sources */ = {isa = PBXBuildFile; fileRef = D9F65BD5272DAE22009AE4F0 /* ElapsedTimeView.swift */; };
		D9991E70272EEE910006CC92 /* Stopwatch.swift in Sources */ = {isa = PBXBuildFile; fileRef = D9F65BBF272DA402009AE4F0 /* Stopwatch.swift */; };
		D9991E71272EEE910006CC92 /* LapTimeRow.swift in Sources */ = {isa = PBXBuildFile; fileRef = D9F65BC9272DAA38009AE4F0 /* LapTimeRow.swift */; };
		D9991E72272EEE910006CC92 /* ControlButton.swift in Sources */ = {isa = PBXBuildFile; fileRef = D9F65BC3272DA50A009AE4F0 /* ControlButton.swift */; };
		D9991E73272EEE910006CC92 /* RightButton.swift in Sources */ = {isa = PBXBuildFile; fileRef = D9F65BD1272DAC7D009AE4F0 /* RightButton.swift */; };
		D9991E74272EEE910006CC92 /* StopwatchView.swift in Sources */ = {isa = PBXBuildFile; fileRef = D9F65BD3272DADFF009AE4F0 /* StopwatchView.swift */; };
		D9991E75272EEEBB0006CC92 /* StopwatchApp.swift in Sources */ = {isa = PBXBuildFile; fileRef = D9F65BAC272DA2A8009AE4F0 /* StopwatchApp.swift */; };
		D9A7B0C92731A65500C79FE3 /* StopwatchCommand.swift in Sources */ = {isa = PBXBuildFile; fileRef = D9A7B0C72731A65500C79FE3 /* StopwatchCommand.swift */; };
		D9A7B0CA2731AD4200C79FE3 /* StopwatchCommand.swift in Sources */ = {isa = PBXBuildFile; fileRef = D9A7B0C72731A65500C79FE3 /* StopwatchCommand.swift */; };
		D9A7B0CC2731AF8400C79FE3 /* StopwatchSettings.swift in Sources */ = {isa = PBXBuildFile; fileRef = D9A7B0CB2731AF8400C79FE3 /* StopwatchSettings.swift */; };
		D9F65BAD272DA2A8009AE4F0 /* StopwatchApp.swift in Sources */ = {isa = PBXBuildFile; fileRef = D9F65BAC272DA2A8009AE4F0 /* StopwatchApp.swift */; };
		D9F65BAF272DA2A8009AE4F0 /* ContentView.swift in Sources */ = {isa = PBXBuildFile; fileRef = D9F65BAE272DA2A8009AE4F0 /* ContentView.swift */; };
		D9F65BB1272DA2AA009AE4F0 /* Assets.xcassets in Resources */ = {isa = PBXBuildFile; fileRef = D9F65BB0272DA2AA009AE4F0 /* Assets.xcassets */; };
		D9F65BB4272DA2AA009AE4F0 /* Preview Assets.xcassets in Resources */ = {isa = PBXBuildFile; fileRef = D9F65BB3272DA2AA009AE4F0 /* Preview Assets.xcassets */; };
		D9F65BC0272DA402009AE4F0 /* Stopwatch.swift in Sources */ = {isa = PBXBuildFile; fileRef = D9F65BBF272DA402009AE4F0 /* Stopwatch.swift */; };
		D9F65BC2272DA41A009AE4F0 /* StopwatchManager.swift in Sources */ = {isa = PBXBuildFile; fileRef = D9F65BC1272DA41A009AE4F0 /* StopwatchManager.swift */; };
		D9F65BC4272DA50B009AE4F0 /* ControlButton.swift in Sources */ = {isa = PBXBuildFile; fileRef = D9F65BC3272DA50A009AE4F0 /* ControlButton.swift */; };
		D9F65BC6272DA594009AE4F0 /* TimeView.swift in Sources */ = {isa = PBXBuildFile; fileRef = D9F65BC5272DA594009AE4F0 /* TimeView.swift */; };
		D9F65BCA272DAA38009AE4F0 /* LapTimeRow.swift in Sources */ = {isa = PBXBuildFile; fileRef = D9F65BC9272DAA38009AE4F0 /* LapTimeRow.swift */; };
		D9F65BCC272DAA4F009AE4F0 /* LapTimeList.swift in Sources */ = {isa = PBXBuildFile; fileRef = D9F65BCB272DAA4F009AE4F0 /* LapTimeList.swift */; };
		D9F65BCE272DAC70009AE4F0 /* StopwatchControl.swift in Sources */ = {isa = PBXBuildFile; fileRef = D9F65BCD272DAC70009AE4F0 /* StopwatchControl.swift */; };
		D9F65BD0272DAC75009AE4F0 /* LeftButton.swift in Sources */ = {isa = PBXBuildFile; fileRef = D9F65BCF272DAC75009AE4F0 /* LeftButton.swift */; };
		D9F65BD2272DAC7D009AE4F0 /* RightButton.swift in Sources */ = {isa = PBXBuildFile; fileRef = D9F65BD1272DAC7D009AE4F0 /* RightButton.swift */; };
		D9F65BD4272DADFF009AE4F0 /* StopwatchView.swift in Sources */ = {isa = PBXBuildFile; fileRef = D9F65BD3272DADFF009AE4F0 /* StopwatchView.swift */; };
		D9F65BD6272DAE22009AE4F0 /* ElapsedTimeView.swift in Sources */ = {isa = PBXBuildFile; fileRef = D9F65BD5272DAE22009AE4F0 /* ElapsedTimeView.swift */; };
		D9F65C1D272DC3AA009AE4F0 /* Assets.xcassets in Resources */ = {isa = PBXBuildFile; fileRef = D9F65C1C272DC3AA009AE4F0 /* Assets.xcassets */; };
		D9F65C23272DC3AB009AE4F0 /* WatchStopwatch WatchKit Extension.appex in Embed App Extensions */ = {isa = PBXBuildFile; fileRef = D9F65C22272DC3AB009AE4F0 /* WatchStopwatch WatchKit Extension.appex */; settings = {ATTRIBUTES = (RemoveHeadersOnCopy, ); }; };
		D9F65C2A272DC3AB009AE4F0 /* ContentView.swift in Sources */ = {isa = PBXBuildFile; fileRef = D9F65C29272DC3AB009AE4F0 /* ContentView.swift */; };
		D9F65C2C272DC3AB009AE4F0 /* NotificationController.swift in Sources */ = {isa = PBXBuildFile; fileRef = D9F65C2B272DC3AB009AE4F0 /* NotificationController.swift */; };
		D9F65C2E272DC3AB009AE4F0 /* NotificationView.swift in Sources */ = {isa = PBXBuildFile; fileRef = D9F65C2D272DC3AB009AE4F0 /* NotificationView.swift */; };
		D9F65C30272DC3AB009AE4F0 /* ComplicationController.swift in Sources */ = {isa = PBXBuildFile; fileRef = D9F65C2F272DC3AB009AE4F0 /* ComplicationController.swift */; };
		D9F65C32272DC3AC009AE4F0 /* Assets.xcassets in Resources */ = {isa = PBXBuildFile; fileRef = D9F65C31272DC3AC009AE4F0 /* Assets.xcassets */; };
		D9F65C35272DC3AC009AE4F0 /* Preview Assets.xcassets in Resources */ = {isa = PBXBuildFile; fileRef = D9F65C34272DC3AC009AE4F0 /* Preview Assets.xcassets */; };
		D9F65C3A272DC3AC009AE4F0 /* WatchStopwatch.app in Embed Watch Content */ = {isa = PBXBuildFile; fileRef = D9F65C1A272DC3A9009AE4F0 /* WatchStopwatch.app */; settings = {ATTRIBUTES = (RemoveHeadersOnCopy, ); }; };
/* End PBXBuildFile section */

/* Begin PBXContainerItemProxy section */
		D9F65C24272DC3AB009AE4F0 /* PBXContainerItemProxy */ = {
			isa = PBXContainerItemProxy;
			containerPortal = D9F65BA1272DA2A8009AE4F0 /* Project object */;
			proxyType = 1;
			remoteGlobalIDString = D9F65C21272DC3AB009AE4F0;
			remoteInfo = "WatchStopwatch WatchKit Extension";
		};
		D9F65C38272DC3AC009AE4F0 /* PBXContainerItemProxy */ = {
			isa = PBXContainerItemProxy;
			containerPortal = D9F65BA1272DA2A8009AE4F0 /* Project object */;
			proxyType = 1;
			remoteGlobalIDString = D9F65C19272DC3A9009AE4F0;
			remoteInfo = WatchStopwatch;
		};
/* End PBXContainerItemProxy section */

/* Begin PBXCopyFilesBuildPhase section */
		D9F65C3E272DC3AC009AE4F0 /* Embed App Extensions */ = {
			isa = PBXCopyFilesBuildPhase;
			buildActionMask = 2147483647;
			dstPath = "";
			dstSubfolderSpec = 13;
			files = (
				D9F65C23272DC3AB009AE4F0 /* WatchStopwatch WatchKit Extension.appex in Embed App Extensions */,
			);
			name = "Embed App Extensions";
			runOnlyForDeploymentPostprocessing = 0;
		};
		D9F65C42272DC3AC009AE4F0 /* Embed Watch Content */ = {
			isa = PBXCopyFilesBuildPhase;
			buildActionMask = 2147483647;
			dstPath = "$(CONTENTS_FOLDER_PATH)/Watch";
			dstSubfolderSpec = 16;
			files = (
				D9F65C3A272DC3AC009AE4F0 /* WatchStopwatch.app in Embed Watch Content */,
			);
			name = "Embed Watch Content";
			runOnlyForDeploymentPostprocessing = 0;
		};
/* End PBXCopyFilesBuildPhase section */

/* Begin PBXFileReference section */
		D933F032272FA9E700E04512 /* ComplicationView.swift */ = {isa = PBXFileReference; lastKnownFileType = sourcecode.swift; path = ComplicationView.swift; sourceTree = "<group>"; };
		D97CE4D6272FE09D002EA8BF /* MacStopwatch.app */ = {isa = PBXFileReference; explicitFileType = wrapper.application; includeInIndex = 0; path = MacStopwatch.app; sourceTree = BUILT_PRODUCTS_DIR; };
		D97CE4DA272FE09D002EA8BF /* ContentView.swift */ = {isa = PBXFileReference; lastKnownFileType = sourcecode.swift; path = ContentView.swift; sourceTree = "<group>"; };
		D97CE4DC272FE0A0002EA8BF /* Assets.xcassets */ = {isa = PBXFileReference; lastKnownFileType = folder.assetcatalog; path = Assets.xcassets; sourceTree = "<group>"; };
		D97CE4DF272FE0A0002EA8BF /* Preview Assets.xcassets */ = {isa = PBXFileReference; lastKnownFileType = folder.assetcatalog; path = "Preview Assets.xcassets"; sourceTree = "<group>"; };
		D97CE4E1272FE0A0002EA8BF /* MacStopwatch.entitlements */ = {isa = PBXFileReference; lastKnownFileType = text.plist.entitlements; path = MacStopwatch.entitlements; sourceTree = "<group>"; };
		D9A7B0C72731A65500C79FE3 /* StopwatchCommand.swift */ = {isa = PBXFileReference; lastKnownFileType = sourcecode.swift; path = StopwatchCommand.swift; sourceTree = "<group>"; };
		D9A7B0CB2731AF8400C79FE3 /* StopwatchSettings.swift */ = {isa = PBXFileReference; lastKnownFileType = sourcecode.swift; path = StopwatchSettings.swift; sourceTree = "<group>"; };
		D9F65BA9272DA2A8009AE4F0 /* Stopwatch.app */ = {isa = PBXFileReference; explicitFileType = wrapper.application; includeInIndex = 0; path = Stopwatch.app; sourceTree = BUILT_PRODUCTS_DIR; };
		D9F65BAC272DA2A8009AE4F0 /* StopwatchApp.swift */ = {isa = PBXFileReference; lastKnownFileType = sourcecode.swift; path = StopwatchApp.swift; sourceTree = "<group>"; };
		D9F65BAE272DA2A8009AE4F0 /* ContentView.swift */ = {isa = PBXFileReference; lastKnownFileType = sourcecode.swift; path = ContentView.swift; sourceTree = "<group>"; };
		D9F65BB0272DA2AA009AE4F0 /* Assets.xcassets */ = {isa = PBXFileReference; lastKnownFileType = folder.assetcatalog; path = Assets.xcassets; sourceTree = "<group>"; };
		D9F65BB3272DA2AA009AE4F0 /* Preview Assets.xcassets */ = {isa = PBXFileReference; lastKnownFileType = folder.assetcatalog; path = "Preview Assets.xcassets"; sourceTree = "<group>"; };
		D9F65BBF272DA402009AE4F0 /* Stopwatch.swift */ = {isa = PBXFileReference; lastKnownFileType = sourcecode.swift; path = Stopwatch.swift; sourceTree = "<group>"; };
		D9F65BC1272DA41A009AE4F0 /* StopwatchManager.swift */ = {isa = PBXFileReference; lastKnownFileType = sourcecode.swift; path = StopwatchManager.swift; sourceTree = "<group>"; };
		D9F65BC3272DA50A009AE4F0 /* ControlButton.swift */ = {isa = PBXFileReference; lastKnownFileType = sourcecode.swift; path = ControlButton.swift; sourceTree = "<group>"; };
		D9F65BC5272DA594009AE4F0 /* TimeView.swift */ = {isa = PBXFileReference; lastKnownFileType = sourcecode.swift; path = TimeView.swift; sourceTree = "<group>"; };
		D9F65BC9272DAA38009AE4F0 /* LapTimeRow.swift */ = {isa = PBXFileReference; lastKnownFileType = sourcecode.swift; path = LapTimeRow.swift; sourceTree = "<group>"; };
		D9F65BCB272DAA4F009AE4F0 /* LapTimeList.swift */ = {isa = PBXFileReference; lastKnownFileType = sourcecode.swift; path = LapTimeList.swift; sourceTree = "<group>"; };
		D9F65BCD272DAC70009AE4F0 /* StopwatchControl.swift */ = {isa = PBXFileReference; lastKnownFileType = sourcecode.swift; path = StopwatchControl.swift; sourceTree = "<group>"; };
		D9F65BCF272DAC75009AE4F0 /* LeftButton.swift */ = {isa = PBXFileReference; lastKnownFileType = sourcecode.swift; path = LeftButton.swift; sourceTree = "<group>"; };
		D9F65BD1272DAC7D009AE4F0 /* RightButton.swift */ = {isa = PBXFileReference; lastKnownFileType = sourcecode.swift; path = RightButton.swift; sourceTree = "<group>"; };
		D9F65BD3272DADFF009AE4F0 /* StopwatchView.swift */ = {isa = PBXFileReference; lastKnownFileType = sourcecode.swift; path = StopwatchView.swift; sourceTree = "<group>"; };
		D9F65BD5272DAE22009AE4F0 /* ElapsedTimeView.swift */ = {isa = PBXFileReference; lastKnownFileType = sourcecode.swift; path = ElapsedTimeView.swift; sourceTree = "<group>"; };
		D9F65C1A272DC3A9009AE4F0 /* WatchStopwatch.app */ = {isa = PBXFileReference; explicitFileType = wrapper.application; includeInIndex = 0; path = WatchStopwatch.app; sourceTree = BUILT_PRODUCTS_DIR; };
		D9F65C1C272DC3AA009AE4F0 /* Assets.xcassets */ = {isa = PBXFileReference; lastKnownFileType = folder.assetcatalog; path = Assets.xcassets; sourceTree = "<group>"; };
		D9F65C22272DC3AB009AE4F0 /* WatchStopwatch WatchKit Extension.appex */ = {isa = PBXFileReference; explicitFileType = "wrapper.app-extension"; includeInIndex = 0; path = "WatchStopwatch WatchKit Extension.appex"; sourceTree = BUILT_PRODUCTS_DIR; };
		D9F65C29272DC3AB009AE4F0 /* ContentView.swift */ = {isa = PBXFileReference; lastKnownFileType = sourcecode.swift; path = ContentView.swift; sourceTree = "<group>"; };
		D9F65C2B272DC3AB009AE4F0 /* NotificationController.swift */ = {isa = PBXFileReference; lastKnownFileType = sourcecode.swift; path = NotificationController.swift; sourceTree = "<group>"; };
		D9F65C2D272DC3AB009AE4F0 /* NotificationView.swift */ = {isa = PBXFileReference; lastKnownFileType = sourcecode.swift; path = NotificationView.swift; sourceTree = "<group>"; };
		D9F65C2F272DC3AB009AE4F0 /* ComplicationController.swift */ = {isa = PBXFileReference; lastKnownFileType = sourcecode.swift; path = ComplicationController.swift; sourceTree = "<group>"; };
		D9F65C31272DC3AC009AE4F0 /* Assets.xcassets */ = {isa = PBXFileReference; lastKnownFileType = folder.assetcatalog; path = Assets.xcassets; sourceTree = "<group>"; };
		D9F65C34272DC3AC009AE4F0 /* Preview Assets.xcassets */ = {isa = PBXFileReference; lastKnownFileType = folder.assetcatalog; path = "Preview Assets.xcassets"; sourceTree = "<group>"; };
		D9F65C36272DC3AC009AE4F0 /* Info.plist */ = {isa = PBXFileReference; lastKnownFileType = text.plist.xml; path = Info.plist; sourceTree = "<group>"; };
		D9F65C37272DC3AC009AE4F0 /* PushNotificationPayload.apns */ = {isa = PBXFileReference; lastKnownFileType = text; path = PushNotificationPayload.apns; sourceTree = "<group>"; };
/* End PBXFileReference section */

/* Begin PBXFrameworksBuildPhase section */
		D97CE4D3272FE09D002EA8BF /* Frameworks */ = {
			isa = PBXFrameworksBuildPhase;
			buildActionMask = 2147483647;
			files = (
			);
			runOnlyForDeploymentPostprocessing = 0;
		};
		D9F65BA6272DA2A8009AE4F0 /* Frameworks */ = {
			isa = PBXFrameworksBuildPhase;
			buildActionMask = 2147483647;
			files = (
			);
			runOnlyForDeploymentPostprocessing = 0;
		};
		D9F65C1F272DC3AB009AE4F0 /* Frameworks */ = {
			isa = PBXFrameworksBuildPhase;
			buildActionMask = 2147483647;
			files = (
			);
			runOnlyForDeploymentPostprocessing = 0;
		};
/* End PBXFrameworksBuildPhase section */

/* Begin PBXGroup section */
		D97CE4D7272FE09D002EA8BF /* MacStopwatch */ = {
			isa = PBXGroup;
			children = (
				D97CE4DA272FE09D002EA8BF /* ContentView.swift */,
				D9A7B0C72731A65500C79FE3 /* StopwatchCommand.swift */,
				D9A7B0CB2731AF8400C79FE3 /* StopwatchSettings.swift */,
				D97CE4DC272FE0A0002EA8BF /* Assets.xcassets */,
				D97CE4E1272FE0A0002EA8BF /* MacStopwatch.entitlements */,
				D97CE4DE272FE0A0002EA8BF /* Preview Content */,
			);
			path = MacStopwatch;
			sourceTree = "<group>";
		};
		D97CE4DE272FE0A0002EA8BF /* Preview Content */ = {
			isa = PBXGroup;
			children = (
				D97CE4DF272FE0A0002EA8BF /* Preview Assets.xcassets */,
			);
			path = "Preview Content";
			sourceTree = "<group>";
		};
		D9F65BA0272DA2A8009AE4F0 = {
			isa = PBXGroup;
			children = (
				D9F65BAB272DA2A8009AE4F0 /* Stopwatch */,
				D9F65C1B272DC3A9009AE4F0 /* WatchStopwatch */,
				D9F65C26272DC3AB009AE4F0 /* WatchStopwatch WatchKit Extension */,
				D97CE4D7272FE09D002EA8BF /* MacStopwatch */,
				D9F65BAA272DA2A8009AE4F0 /* Products */,
			);
			sourceTree = "<group>";
		};
		D9F65BAA272DA2A8009AE4F0 /* Products */ = {
			isa = PBXGroup;
			children = (
				D9F65BA9272DA2A8009AE4F0 /* Stopwatch.app */,
				D9F65C1A272DC3A9009AE4F0 /* WatchStopwatch.app */,
				D9F65C22272DC3AB009AE4F0 /* WatchStopwatch WatchKit Extension.appex */,
				D97CE4D6272FE09D002EA8BF /* MacStopwatch.app */,
			);
			name = Products;
			sourceTree = "<group>";
		};
		D9F65BAB272DA2A8009AE4F0 /* Stopwatch */ = {
			isa = PBXGroup;
			children = (
				D9F65BAC272DA2A8009AE4F0 /* StopwatchApp.swift */,
				D9F65BAE272DA2A8009AE4F0 /* ContentView.swift */,
				D9F65BBC272DA3D6009AE4F0 /* View */,
				D9F65BBA272DA3CB009AE4F0 /* Model */,
				D9F65BB0272DA2AA009AE4F0 /* Assets.xcassets */,
				D9F65BB2272DA2AA009AE4F0 /* Preview Content */,
			);
			path = Stopwatch;
			sourceTree = "<group>";
		};
		D9F65BB2272DA2AA009AE4F0 /* Preview Content */ = {
			isa = PBXGroup;
			children = (
				D9F65BB3272DA2AA009AE4F0 /* Preview Assets.xcassets */,
			);
			path = "Preview Content";
			sourceTree = "<group>";
		};
		D9F65BBA272DA3CB009AE4F0 /* Model */ = {
			isa = PBXGroup;
			children = (
				D9F65BC1272DA41A009AE4F0 /* StopwatchManager.swift */,
				D9F65BBF272DA402009AE4F0 /* Stopwatch.swift */,
			);
			path = Model;
			sourceTree = "<group>";
		};
		D9F65BBC272DA3D6009AE4F0 /* View */ = {
			isa = PBXGroup;
			children = (
				D9F65BBD272DA3DC009AE4F0 /* Stopwatch */,
				D9F65BC7272DA618009AE4F0 /* StopwatchControl */,
				D9F65BC8272DA652009AE4F0 /* LapTimes */,
				D9F65BBE272DA3EF009AE4F0 /* Helper */,
			);
			path = View;
			sourceTree = "<group>";
		};
		D9F65BBD272DA3DC009AE4F0 /* Stopwatch */ = {
			isa = PBXGroup;
			children = (
				D9F65BD3272DADFF009AE4F0 /* StopwatchView.swift */,
				D9F65BD5272DAE22009AE4F0 /* ElapsedTimeView.swift */,
			);
			path = Stopwatch;
			sourceTree = "<group>";
		};
		D9F65BBE272DA3EF009AE4F0 /* Helper */ = {
			isa = PBXGroup;
			children = (
				D9F65BC3272DA50A009AE4F0 /* ControlButton.swift */,
				D9F65BC5272DA594009AE4F0 /* TimeView.swift */,
			);
			path = Helper;
			sourceTree = "<group>";
		};
		D9F65BC7272DA618009AE4F0 /* StopwatchControl */ = {
			isa = PBXGroup;
			children = (
				D9F65BCD272DAC70009AE4F0 /* StopwatchControl.swift */,
				D9F65BCF272DAC75009AE4F0 /* LeftButton.swift */,
				D9F65BD1272DAC7D009AE4F0 /* RightButton.swift */,
			);
			path = StopwatchControl;
			sourceTree = "<group>";
		};
		D9F65BC8272DA652009AE4F0 /* LapTimes */ = {
			isa = PBXGroup;
			children = (
				D9F65BCB272DAA4F009AE4F0 /* LapTimeList.swift */,
				D9F65BC9272DAA38009AE4F0 /* LapTimeRow.swift */,
			);
			path = LapTimes;
			sourceTree = "<group>";
		};
		D9F65C1B272DC3A9009AE4F0 /* WatchStopwatch */ = {
			isa = PBXGroup;
			children = (
				D9F65C1C272DC3AA009AE4F0 /* Assets.xcassets */,
			);
			path = WatchStopwatch;
			sourceTree = "<group>";
		};
		D9F65C26272DC3AB009AE4F0 /* WatchStopwatch WatchKit Extension */ = {
			isa = PBXGroup;
			children = (
				D9F65C29272DC3AB009AE4F0 /* ContentView.swift */,
				D9F65C2B272DC3AB009AE4F0 /* NotificationController.swift */,
				D9F65C2D272DC3AB009AE4F0 /* NotificationView.swift */,
				D933F032272FA9E700E04512 /* ComplicationView.swift */,
				D9F65C2F272DC3AB009AE4F0 /* ComplicationController.swift */,
				D9F65C31272DC3AC009AE4F0 /* Assets.xcassets */,
				D9F65C36272DC3AC009AE4F0 /* Info.plist */,
				D9F65C37272DC3AC009AE4F0 /* PushNotificationPayload.apns */,
				D9F65C33272DC3AC009AE4F0 /* Preview Content */,
			);
			path = "WatchStopwatch WatchKit Extension";
			sourceTree = "<group>";
		};
		D9F65C33272DC3AC009AE4F0 /* Preview Content */ = {
			isa = PBXGroup;
			children = (
				D9F65C34272DC3AC009AE4F0 /* Preview Assets.xcassets */,
			);
			path = "Preview Content";
			sourceTree = "<group>";
		};
/* End PBXGroup section */

/* Begin PBXNativeTarget section */
		D97CE4D5272FE09D002EA8BF /* MacStopwatch */ = {
			isa = PBXNativeTarget;
			buildConfigurationList = D97CE4E4272FE0A0002EA8BF /* Build configuration list for PBXNativeTarget "MacStopwatch" */;
			buildPhases = (
				D97CE4D2272FE09D002EA8BF /* Sources */,
				D97CE4D3272FE09D002EA8BF /* Frameworks */,
				D97CE4D4272FE09D002EA8BF /* Resources */,
			);
			buildRules = (
			);
			dependencies = (
			);
			name = MacStopwatch;
			productName = MacStopwatch;
			productReference = D97CE4D6272FE09D002EA8BF /* MacStopwatch.app */;
			productType = "com.apple.product-type.application";
		};
		D9F65BA8272DA2A8009AE4F0 /* Stopwatch */ = {
			isa = PBXNativeTarget;
			buildConfigurationList = D9F65BB7272DA2AA009AE4F0 /* Build configuration list for PBXNativeTarget "Stopwatch" */;
			buildPhases = (
				D9F65BA5272DA2A8009AE4F0 /* Sources */,
				D9F65BA6272DA2A8009AE4F0 /* Frameworks */,
				D9F65BA7272DA2A8009AE4F0 /* Resources */,
				D9F65C42272DC3AC009AE4F0 /* Embed Watch Content */,
			);
			buildRules = (
			);
			dependencies = (
				D9F65C39272DC3AC009AE4F0 /* PBXTargetDependency */,
			);
			name = Stopwatch;
			productName = Stopwatch;
			productReference = D9F65BA9272DA2A8009AE4F0 /* Stopwatch.app */;
			productType = "com.apple.product-type.application";
		};
		D9F65C19272DC3A9009AE4F0 /* WatchStopwatch */ = {
			isa = PBXNativeTarget;
			buildConfigurationList = D9F65C3F272DC3AC009AE4F0 /* Build configuration list for PBXNativeTarget "WatchStopwatch" */;
			buildPhases = (
				D9F65C18272DC3A9009AE4F0 /* Resources */,
				D9F65C3E272DC3AC009AE4F0 /* Embed App Extensions */,
			);
			buildRules = (
			);
			dependencies = (
				D9F65C25272DC3AB009AE4F0 /* PBXTargetDependency */,
			);
			name = WatchStopwatch;
			productName = WatchStopwatch;
			productReference = D9F65C1A272DC3A9009AE4F0 /* WatchStopwatch.app */;
			productType = "com.apple.product-type.application.watchapp2";
		};
		D9F65C21272DC3AB009AE4F0 /* WatchStopwatch WatchKit Extension */ = {
			isa = PBXNativeTarget;
			buildConfigurationList = D9F65C3B272DC3AC009AE4F0 /* Build configuration list for PBXNativeTarget "WatchStopwatch WatchKit Extension" */;
			buildPhases = (
				D9F65C1E272DC3AB009AE4F0 /* Sources */,
				D9F65C1F272DC3AB009AE4F0 /* Frameworks */,
				D9F65C20272DC3AB009AE4F0 /* Resources */,
			);
			buildRules = (
			);
			dependencies = (
			);
			name = "WatchStopwatch WatchKit Extension";
			productName = "WatchStopwatch WatchKit Extension";
			productReference = D9F65C22272DC3AB009AE4F0 /* WatchStopwatch WatchKit Extension.appex */;
			productType = "com.apple.product-type.watchkit2-extension";
		};
/* End PBXNativeTarget section */

/* Begin PBXProject section */
		D9F65BA1272DA2A8009AE4F0 /* Project object */ = {
			isa = PBXProject;
			attributes = {
				BuildIndependentTargetsInParallel = 1;
				LastSwiftUpdateCheck = 1310;
				LastUpgradeCheck = 1310;
				TargetAttributes = {
					D97CE4D5272FE09D002EA8BF = {
						CreatedOnToolsVersion = 13.1;
					};
					D9F65BA8272DA2A8009AE4F0 = {
						CreatedOnToolsVersion = 13.1;
					};
					D9F65C19272DC3A9009AE4F0 = {
						CreatedOnToolsVersion = 13.1;
					};
					D9F65C21272DC3AB009AE4F0 = {
						CreatedOnToolsVersion = 13.1;
					};
				};
			};
			buildConfigurationList = D9F65BA4272DA2A8009AE4F0 /* Build configuration list for PBXProject "Stopwatch" */;
			compatibilityVersion = "Xcode 13.0";
			developmentRegion = en;
			hasScannedForEncodings = 0;
			knownRegions = (
				en,
				Base,
			);
			mainGroup = D9F65BA0272DA2A8009AE4F0;
			productRefGroup = D9F65BAA272DA2A8009AE4F0 /* Products */;
			projectDirPath = "";
			projectRoot = "";
			targets = (
				D9F65BA8272DA2A8009AE4F0 /* Stopwatch */,
				D9F65C19272DC3A9009AE4F0 /* WatchStopwatch */,
				D9F65C21272DC3AB009AE4F0 /* WatchStopwatch WatchKit Extension */,
				D97CE4D5272FE09D002EA8BF /* MacStopwatch */,
			);
		};
/* End PBXProject section */

/* Begin PBXResourcesBuildPhase section */
		D97CE4D4272FE09D002EA8BF /* Resources */ = {
			isa = PBXResourcesBuildPhase;
			buildActionMask = 2147483647;
			files = (
				D97CE4E0272FE0A0002EA8BF /* Preview Assets.xcassets in Resources */,
				D97CE4DD272FE0A0002EA8BF /* Assets.xcassets in Resources */,
			);
			runOnlyForDeploymentPostprocessing = 0;
		};
		D9F65BA7272DA2A8009AE4F0 /* Resources */ = {
			isa = PBXResourcesBuildPhase;
			buildActionMask = 2147483647;
			files = (
				D9F65BB4272DA2AA009AE4F0 /* Preview Assets.xcassets in Resources */,
				D9F65BB1272DA2AA009AE4F0 /* Assets.xcassets in Resources */,
			);
			runOnlyForDeploymentPostprocessing = 0;
		};
		D9F65C18272DC3A9009AE4F0 /* Resources */ = {
			isa = PBXResourcesBuildPhase;
			buildActionMask = 2147483647;
			files = (
				D9F65C1D272DC3AA009AE4F0 /* Assets.xcassets in Resources */,
			);
			runOnlyForDeploymentPostprocessing = 0;
		};
		D9F65C20272DC3AB009AE4F0 /* Resources */ = {
			isa = PBXResourcesBuildPhase;
			buildActionMask = 2147483647;
			files = (
				D9F65C35272DC3AC009AE4F0 /* Preview Assets.xcassets in Resources */,
				D9F65C32272DC3AC009AE4F0 /* Assets.xcassets in Resources */,
			);
			runOnlyForDeploymentPostprocessing = 0;
		};
/* End PBXResourcesBuildPhase section */

/* Begin PBXSourcesBuildPhase section */
		D97CE4D2272FE09D002EA8BF /* Sources */ = {
			isa = PBXSourcesBuildPhase;
			buildActionMask = 2147483647;
			files = (
				D97CE4E6272FE0B6002EA8BF /* ControlButton.swift in Sources */,
				D97CE4E5272FE0B6002EA8BF /* ElapsedTimeView.swift in Sources */,
				D97CE4EC272FE0B6002EA8BF /* LeftButton.swift in Sources */,
				D97CE4EF272FE0B6002EA8BF /* StopwatchControl.swift in Sources */,
				D97CE4EA272FE0B6002EA8BF /* LapTimeRow.swift in Sources */,
				D97CE4EE272FE0B6002EA8BF /* TimeView.swift in Sources */,
				D97CE4E9272FE0B6002EA8BF /* StopwatchView.swift in Sources */,
				D9A7B0C92731A65500C79FE3 /* StopwatchCommand.swift in Sources */,
				D97CE4DB272FE09D002EA8BF /* ContentView.swift in Sources */,
				D97CE4ED272FE0B6002EA8BF /* LapTimeList.swift in Sources */,
				D97CE4E8272FE0B6002EA8BF /* StopwatchApp.swift in Sources */,
				D97CE4F0272FE0B6002EA8BF /* StopwatchManager.swift in Sources */,
				D97CE4EB272FE0B6002EA8BF /* RightButton.swift in Sources */,
				D97CE4E7272FE0B6002EA8BF /* Stopwatch.swift in Sources */,
				D9A7B0CC2731AF8400C79FE3 /* StopwatchSettings.swift in Sources */,
			);
			runOnlyForDeploymentPostprocessing = 0;
		};
		D9F65BA5272DA2A8009AE4F0 /* Sources */ = {
			isa = PBXSourcesBuildPhase;
			buildActionMask = 2147483647;
			files = (
				D9F65BAF272DA2A8009AE4F0 /* ContentView.swift in Sources */,
				D9F65BD6272DAE22009AE4F0 /* ElapsedTimeView.swift in Sources */,
				D9F65BD2272DAC7D009AE4F0 /* RightButton.swift in Sources */,
				D9F65BD4272DADFF009AE4F0 /* StopwatchView.swift in Sources */,
				D9F65BC2272DA41A009AE4F0 /* StopwatchManager.swift in Sources */,
				D9F65BCA272DAA38009AE4F0 /* LapTimeRow.swift in Sources */,
				D9F65BCE272DAC70009AE4F0 /* StopwatchControl.swift in Sources */,
				D9A7B0CA2731AD4200C79FE3 /* StopwatchCommand.swift in Sources */,
				D9F65BD0272DAC75009AE4F0 /* LeftButton.swift in Sources */,
				D9F65BC4272DA50B009AE4F0 /* ControlButton.swift in Sources */,
				D9F65BCC272DAA4F009AE4F0 /* LapTimeList.swift in Sources */,
				D9F65BC0272DA402009AE4F0 /* Stopwatch.swift in Sources */,
				D9F65BAD272DA2A8009AE4F0 /* StopwatchApp.swift in Sources */,
				D9F65BC6272DA594009AE4F0 /* TimeView.swift in Sources */,
			);
			runOnlyForDeploymentPostprocessing = 0;
		};
		D9F65C1E272DC3AB009AE4F0 /* Sources */ = {
			isa = PBXSourcesBuildPhase;
			buildActionMask = 2147483647;
			files = (
				D9F65C2C272DC3AB009AE4F0 /* NotificationController.swift in Sources */,
				D9F65C2A272DC3AB009AE4F0 /* ContentView.swift in Sources */,
				D9F65C30272DC3AB009AE4F0 /* ComplicationController.swift in Sources */,
				D9991E6A272EEE910006CC92 /* StopwatchControl.swift in Sources */,
				D9991E6C272EEE910006CC92 /* LapTimeList.swift in Sources */,
				D9991E6F272EEE910006CC92 /* ElapsedTimeView.swift in Sources */,
				D933F033272FA9E700E04512 /* ComplicationView.swift in Sources */,
				D9991E74272EEE910006CC92 /* StopwatchView.swift in Sources */,
				D9991E6D272EEE910006CC92 /* TimeView.swift in Sources */,
				D9991E71272EEE910006CC92 /* LapTimeRow.swift in Sources */,
				D9991E70272EEE910006CC92 /* Stopwatch.swift in Sources */,
				D9991E72272EEE910006CC92 /* ControlButton.swift in Sources */,
				D9991E75272EEEBB0006CC92 /* StopwatchApp.swift in Sources */,
				D9F65C2E272DC3AB009AE4F0 /* NotificationView.swift in Sources */,
				D9991E6B272EEE910006CC92 /* LeftButton.swift in Sources */,
				D9991E69272EEE910006CC92 /* StopwatchManager.swift in Sources */,
				D9991E73272EEE910006CC92 /* RightButton.swift in Sources */,
			);
			runOnlyForDeploymentPostprocessing = 0;
		};
/* End PBXSourcesBuildPhase section */

/* Begin PBXTargetDependency section */
		D9F65C25272DC3AB009AE4F0 /* PBXTargetDependency */ = {
			isa = PBXTargetDependency;
			target = D9F65C21272DC3AB009AE4F0 /* WatchStopwatch WatchKit Extension */;
			targetProxy = D9F65C24272DC3AB009AE4F0 /* PBXContainerItemProxy */;
		};
		D9F65C39272DC3AC009AE4F0 /* PBXTargetDependency */ = {
			isa = PBXTargetDependency;
			target = D9F65C19272DC3A9009AE4F0 /* WatchStopwatch */;
			targetProxy = D9F65C38272DC3AC009AE4F0 /* PBXContainerItemProxy */;
		};
/* End PBXTargetDependency section */

/* Begin XCBuildConfiguration section */
		D97CE4E2272FE0A0002EA8BF /* Debug */ = {
			isa = XCBuildConfiguration;
			buildSettings = {
				ASSETCATALOG_COMPILER_APPICON_NAME = AppIcon;
				ASSETCATALOG_COMPILER_GLOBAL_ACCENT_COLOR_NAME = AccentColor;
				CODE_SIGN_ENTITLEMENTS = MacStopwatch/MacStopwatch.entitlements;
				CODE_SIGN_STYLE = Automatic;
				COMBINE_HIDPI_IMAGES = YES;
				CURRENT_PROJECT_VERSION = 1;
				DEVELOPMENT_ASSET_PATHS = "\"MacStopwatch/Preview Content\"";
				DEVELOPMENT_TEAM = KYG7C4ND55;
				ENABLE_HARDENED_RUNTIME = YES;
				ENABLE_PREVIEWS = YES;
				GENERATE_INFOPLIST_FILE = YES;
				INFOPLIST_KEY_NSHumanReadableCopyright = "";
				LD_RUNPATH_SEARCH_PATHS = (
					"$(inherited)",
					"@executable_path/../Frameworks",
				);
				MACOSX_DEPLOYMENT_TARGET = 11.5;
				MARKETING_VERSION = 1.0;
				PRODUCT_BUNDLE_IDENTIFIER = philip.chung.MacStopwatch;
				PRODUCT_NAME = "$(TARGET_NAME)";
				SDKROOT = macosx;
				SWIFT_EMIT_LOC_STRINGS = YES;
				SWIFT_VERSION = 5.0;
			};
			name = Debug;
		};
		D97CE4E3272FE0A0002EA8BF /* Release */ = {
			isa = XCBuildConfiguration;
			buildSettings = {
				ASSETCATALOG_COMPILER_APPICON_NAME = AppIcon;
				ASSETCATALOG_COMPILER_GLOBAL_ACCENT_COLOR_NAME = AccentColor;
				CODE_SIGN_ENTITLEMENTS = MacStopwatch/MacStopwatch.entitlements;
				CODE_SIGN_STYLE = Automatic;
				COMBINE_HIDPI_IMAGES = YES;
				CURRENT_PROJECT_VERSION = 1;
				DEVELOPMENT_ASSET_PATHS = "\"MacStopwatch/Preview Content\"";
				DEVELOPMENT_TEAM = KYG7C4ND55;
				ENABLE_HARDENED_RUNTIME = YES;
				ENABLE_PREVIEWS = YES;
				GENERATE_INFOPLIST_FILE = YES;
				INFOPLIST_KEY_NSHumanReadableCopyright = "";
				LD_RUNPATH_SEARCH_PATHS = (
					"$(inherited)",
					"@executable_path/../Frameworks",
				);
				MACOSX_DEPLOYMENT_TARGET = 11.5;
				MARKETING_VERSION = 1.0;
				PRODUCT_BUNDLE_IDENTIFIER = philip.chung.MacStopwatch;
				PRODUCT_NAME = "$(TARGET_NAME)";
				SDKROOT = macosx;
				SWIFT_EMIT_LOC_STRINGS = YES;
				SWIFT_VERSION = 5.0;
			};
			name = Release;
		};
		D9F65BB5272DA2AA009AE4F0 /* Debug */ = {
			isa = XCBuildConfiguration;
			buildSettings = {
				ALWAYS_SEARCH_USER_PATHS = NO;
				CLANG_ANALYZER_NONNULL = YES;
				CLANG_ANALYZER_NUMBER_OBJECT_CONVERSION = YES_AGGRESSIVE;
				CLANG_CXX_LANGUAGE_STANDARD = "gnu++17";
				CLANG_CXX_LIBRARY = "libc++";
				CLANG_ENABLE_MODULES = YES;
				CLANG_ENABLE_OBJC_ARC = YES;
				CLANG_ENABLE_OBJC_WEAK = YES;
				CLANG_WARN_BLOCK_CAPTURE_AUTORELEASING = YES;
				CLANG_WARN_BOOL_CONVERSION = YES;
				CLANG_WARN_COMMA = YES;
				CLANG_WARN_CONSTANT_CONVERSION = YES;
				CLANG_WARN_DEPRECATED_OBJC_IMPLEMENTATIONS = YES;
				CLANG_WARN_DIRECT_OBJC_ISA_USAGE = YES_ERROR;
				CLANG_WARN_DOCUMENTATION_COMMENTS = YES;
				CLANG_WARN_EMPTY_BODY = YES;
				CLANG_WARN_ENUM_CONVERSION = YES;
				CLANG_WARN_INFINITE_RECURSION = YES;
				CLANG_WARN_INT_CONVERSION = YES;
				CLANG_WARN_NON_LITERAL_NULL_CONVERSION = YES;
				CLANG_WARN_OBJC_IMPLICIT_RETAIN_SELF = YES;
				CLANG_WARN_OBJC_LITERAL_CONVERSION = YES;
				CLANG_WARN_OBJC_ROOT_CLASS = YES_ERROR;
				CLANG_WARN_QUOTED_INCLUDE_IN_FRAMEWORK_HEADER = YES;
				CLANG_WARN_RANGE_LOOP_ANALYSIS = YES;
				CLANG_WARN_STRICT_PROTOTYPES = YES;
				CLANG_WARN_SUSPICIOUS_MOVE = YES;
				CLANG_WARN_UNGUARDED_AVAILABILITY = YES_AGGRESSIVE;
				CLANG_WARN_UNREACHABLE_CODE = YES;
				CLANG_WARN__DUPLICATE_METHOD_MATCH = YES;
				COPY_PHASE_STRIP = NO;
				DEBUG_INFORMATION_FORMAT = dwarf;
				ENABLE_STRICT_OBJC_MSGSEND = YES;
				ENABLE_TESTABILITY = YES;
				GCC_C_LANGUAGE_STANDARD = gnu11;
				GCC_DYNAMIC_NO_PIC = NO;
				GCC_NO_COMMON_BLOCKS = YES;
				GCC_OPTIMIZATION_LEVEL = 0;
				GCC_PREPROCESSOR_DEFINITIONS = (
					"DEBUG=1",
					"$(inherited)",
				);
				GCC_WARN_64_TO_32_BIT_CONVERSION = YES;
				GCC_WARN_ABOUT_RETURN_TYPE = YES_ERROR;
				GCC_WARN_UNDECLARED_SELECTOR = YES;
				GCC_WARN_UNINITIALIZED_AUTOS = YES_AGGRESSIVE;
				GCC_WARN_UNUSED_FUNCTION = YES;
				GCC_WARN_UNUSED_VARIABLE = YES;
				IPHONEOS_DEPLOYMENT_TARGET = 15.0;
				MTL_ENABLE_DEBUG_INFO = INCLUDE_SOURCE;
				MTL_FAST_MATH = YES;
				ONLY_ACTIVE_ARCH = YES;
				SDKROOT = iphoneos;
				SWIFT_ACTIVE_COMPILATION_CONDITIONS = DEBUG;
				SWIFT_OPTIMIZATION_LEVEL = "-Onone";
			};
			name = Debug;
		};
		D9F65BB6272DA2AA009AE4F0 /* Release */ = {
			isa = XCBuildConfiguration;
			buildSettings = {
				ALWAYS_SEARCH_USER_PATHS = NO;
				CLANG_ANALYZER_NONNULL = YES;
				CLANG_ANALYZER_NUMBER_OBJECT_CONVERSION = YES_AGGRESSIVE;
				CLANG_CXX_LANGUAGE_STANDARD = "gnu++17";
				CLANG_CXX_LIBRARY = "libc++";
				CLANG_ENABLE_MODULES = YES;
				CLANG_ENABLE_OBJC_ARC = YES;
				CLANG_ENABLE_OBJC_WEAK = YES;
				CLANG_WARN_BLOCK_CAPTURE_AUTORELEASING = YES;
				CLANG_WARN_BOOL_CONVERSION = YES;
				CLANG_WARN_COMMA = YES;
				CLANG_WARN_CONSTANT_CONVERSION = YES;
				CLANG_WARN_DEPRECATED_OBJC_IMPLEMENTATIONS = YES;
				CLANG_WARN_DIRECT_OBJC_ISA_USAGE = YES_ERROR;
				CLANG_WARN_DOCUMENTATION_COMMENTS = YES;
				CLANG_WARN_EMPTY_BODY = YES;
				CLANG_WARN_ENUM_CONVERSION = YES;
				CLANG_WARN_INFINITE_RECURSION = YES;
				CLANG_WARN_INT_CONVERSION = YES;
				CLANG_WARN_NON_LITERAL_NULL_CONVERSION = YES;
				CLANG_WARN_OBJC_IMPLICIT_RETAIN_SELF = YES;
				CLANG_WARN_OBJC_LITERAL_CONVERSION = YES;
				CLANG_WARN_OBJC_ROOT_CLASS = YES_ERROR;
				CLANG_WARN_QUOTED_INCLUDE_IN_FRAMEWORK_HEADER = YES;
				CLANG_WARN_RANGE_LOOP_ANALYSIS = YES;
				CLANG_WARN_STRICT_PROTOTYPES = YES;
				CLANG_WARN_SUSPICIOUS_MOVE = YES;
				CLANG_WARN_UNGUARDED_AVAILABILITY = YES_AGGRESSIVE;
				CLANG_WARN_UNREACHABLE_CODE = YES;
				CLANG_WARN__DUPLICATE_METHOD_MATCH = YES;
				COPY_PHASE_STRIP = NO;
				DEBUG_INFORMATION_FORMAT = "dwarf-with-dsym";
				ENABLE_NS_ASSERTIONS = NO;
				ENABLE_STRICT_OBJC_MSGSEND = YES;
				GCC_C_LANGUAGE_STANDARD = gnu11;
				GCC_NO_COMMON_BLOCKS = YES;
				GCC_WARN_64_TO_32_BIT_CONVERSION = YES;
				GCC_WARN_ABOUT_RETURN_TYPE = YES_ERROR;
				GCC_WARN_UNDECLARED_SELECTOR = YES;
				GCC_WARN_UNINITIALIZED_AUTOS = YES_AGGRESSIVE;
				GCC_WARN_UNUSED_FUNCTION = YES;
				GCC_WARN_UNUSED_VARIABLE = YES;
				IPHONEOS_DEPLOYMENT_TARGET = 15.0;
				MTL_ENABLE_DEBUG_INFO = NO;
				MTL_FAST_MATH = YES;
				SDKROOT = iphoneos;
				SWIFT_COMPILATION_MODE = wholemodule;
				SWIFT_OPTIMIZATION_LEVEL = "-O";
				VALIDATE_PRODUCT = YES;
			};
			name = Release;
		};
		D9F65BB8272DA2AA009AE4F0 /* Debug */ = {
			isa = XCBuildConfiguration;
			buildSettings = {
				ASSETCATALOG_COMPILER_APPICON_NAME = AppIcon;
				ASSETCATALOG_COMPILER_GLOBAL_ACCENT_COLOR_NAME = AccentColor;
				CODE_SIGN_STYLE = Automatic;
				CURRENT_PROJECT_VERSION = 1;
				DEVELOPMENT_ASSET_PATHS = "\"Stopwatch/Preview Content\"";
				DEVELOPMENT_TEAM = KYG7C4ND55;
				ENABLE_PREVIEWS = YES;
				GENERATE_INFOPLIST_FILE = YES;
				INFOPLIST_KEY_UIApplicationSceneManifest_Generation = YES;
				INFOPLIST_KEY_UIApplicationSupportsIndirectInputEvents = YES;
				INFOPLIST_KEY_UILaunchScreen_Generation = YES;
				INFOPLIST_KEY_UISupportedInterfaceOrientations = UIInterfaceOrientationPortrait;
				INFOPLIST_KEY_UISupportedInterfaceOrientations_iPad = "UIInterfaceOrientationPortrait UIInterfaceOrientationPortraitUpsideDown UIInterfaceOrientationLandscapeLeft UIInterfaceOrientationLandscapeRight";
				INFOPLIST_KEY_UISupportedInterfaceOrientations_iPhone = "UIInterfaceOrientationPortrait UIInterfaceOrientationLandscapeLeft UIInterfaceOrientationLandscapeRight";
				LD_RUNPATH_SEARCH_PATHS = (
					"$(inherited)",
					"@executable_path/Frameworks",
				);
				MARKETING_VERSION = 1.0;
				PRODUCT_BUNDLE_IDENTIFIER = philip.chung.Stopwatch;
				PRODUCT_NAME = "$(TARGET_NAME)";
				SWIFT_EMIT_LOC_STRINGS = YES;
				SWIFT_VERSION = 5.0;
				TARGETED_DEVICE_FAMILY = "1,2";
			};
			name = Debug;
		};
		D9F65BB9272DA2AA009AE4F0 /* Release */ = {
			isa = XCBuildConfiguration;
			buildSettings = {
				ASSETCATALOG_COMPILER_APPICON_NAME = AppIcon;
				ASSETCATALOG_COMPILER_GLOBAL_ACCENT_COLOR_NAME = AccentColor;
				CODE_SIGN_STYLE = Automatic;
				CURRENT_PROJECT_VERSION = 1;
				DEVELOPMENT_ASSET_PATHS = "\"Stopwatch/Preview Content\"";
				DEVELOPMENT_TEAM = KYG7C4ND55;
				ENABLE_PREVIEWS = YES;
				GENERATE_INFOPLIST_FILE = YES;
				INFOPLIST_KEY_UIApplicationSceneManifest_Generation = YES;
				INFOPLIST_KEY_UIApplicationSupportsIndirectInputEvents = YES;
				INFOPLIST_KEY_UILaunchScreen_Generation = YES;
				INFOPLIST_KEY_UISupportedInterfaceOrientations = UIInterfaceOrientationPortrait;
				INFOPLIST_KEY_UISupportedInterfaceOrientations_iPad = "UIInterfaceOrientationPortrait UIInterfaceOrientationPortraitUpsideDown UIInterfaceOrientationLandscapeLeft UIInterfaceOrientationLandscapeRight";
				INFOPLIST_KEY_UISupportedInterfaceOrientations_iPhone = "UIInterfaceOrientationPortrait UIInterfaceOrientationLandscapeLeft UIInterfaceOrientationLandscapeRight";
				LD_RUNPATH_SEARCH_PATHS = (
					"$(inherited)",
					"@executable_path/Frameworks",
				);
				MARKETING_VERSION = 1.0;
				PRODUCT_BUNDLE_IDENTIFIER = philip.chung.Stopwatch;
				PRODUCT_NAME = "$(TARGET_NAME)";
				SWIFT_EMIT_LOC_STRINGS = YES;
				SWIFT_VERSION = 5.0;
				TARGETED_DEVICE_FAMILY = "1,2";
			};
			name = Release;
		};
		D9F65C3C272DC3AC009AE4F0 /* Debug */ = {
			isa = XCBuildConfiguration;
			buildSettings = {
				ASSETCATALOG_COMPILER_COMPLICATION_NAME = Complication;
				CODE_SIGN_STYLE = Automatic;
				CURRENT_PROJECT_VERSION = 1;
				DEVELOPMENT_ASSET_PATHS = "\"WatchStopwatch WatchKit Extension/Preview Content\"";
				DEVELOPMENT_TEAM = KYG7C4ND55;
				ENABLE_PREVIEWS = YES;
				GENERATE_INFOPLIST_FILE = YES;
				INFOPLIST_FILE = "WatchStopwatch WatchKit Extension/Info.plist";
				INFOPLIST_KEY_CFBundleDisplayName = "WatchStopwatch WatchKit Extension";
				INFOPLIST_KEY_CLKComplicationPrincipalClass = WatchStopwatch_WatchKit_Extension.ComplicationController;
				INFOPLIST_KEY_NSHumanReadableCopyright = "";
				INFOPLIST_KEY_WKRunsIndependentlyOfCompanionApp = NO;
				LD_RUNPATH_SEARCH_PATHS = (
					"$(inherited)",
					"@executable_path/Frameworks",
					"@executable_path/../../Frameworks",
				);
				MARKETING_VERSION = 1.0;
				PRODUCT_BUNDLE_IDENTIFIER = philip.chung.Stopwatch.watchkitapp.watchkitextension;
				PRODUCT_NAME = "${TARGET_NAME}";
				SDKROOT = watchos;
				SKIP_INSTALL = YES;
				SWIFT_EMIT_LOC_STRINGS = YES;
				SWIFT_VERSION = 5.0;
				TARGETED_DEVICE_FAMILY = 4;
				WATCHOS_DEPLOYMENT_TARGET = 8.0;
			};
			name = Debug;
		};
		D9F65C3D272DC3AC009AE4F0 /* Release */ = {
			isa = XCBuildConfiguration;
			buildSettings = {
				ASSETCATALOG_COMPILER_COMPLICATION_NAME = Complication;
				CODE_SIGN_STYLE = Automatic;
				CURRENT_PROJECT_VERSION = 1;
				DEVELOPMENT_ASSET_PATHS = "\"WatchStopwatch WatchKit Extension/Preview Content\"";
				DEVELOPMENT_TEAM = KYG7C4ND55;
				ENABLE_PREVIEWS = YES;
				GENERATE_INFOPLIST_FILE = YES;
				INFOPLIST_FILE = "WatchStopwatch WatchKit Extension/Info.plist";
				INFOPLIST_KEY_CFBundleDisplayName = "WatchStopwatch WatchKit Extension";
				INFOPLIST_KEY_CLKComplicationPrincipalClass = WatchStopwatch_WatchKit_Extension.ComplicationController;
				INFOPLIST_KEY_NSHumanReadableCopyright = "";
				INFOPLIST_KEY_WKRunsIndependentlyOfCompanionApp = NO;
				LD_RUNPATH_SEARCH_PATHS = (
					"$(inherited)",
					"@executable_path/Frameworks",
					"@executable_path/../../Frameworks",
				);
				MARKETING_VERSION = 1.0;
				PRODUCT_BUNDLE_IDENTIFIER = philip.chung.Stopwatch.watchkitapp.watchkitextension;
				PRODUCT_NAME = "${TARGET_NAME}";
				SDKROOT = watchos;
				SKIP_INSTALL = YES;
				SWIFT_EMIT_LOC_STRINGS = YES;
				SWIFT_VERSION = 5.0;
				TARGETED_DEVICE_FAMILY = 4;
				WATCHOS_DEPLOYMENT_TARGET = 8.0;
			};
			name = Release;
		};
		D9F65C40272DC3AC009AE4F0 /* Debug */ = {
			isa = XCBuildConfiguration;
			buildSettings = {
				ALWAYS_EMBED_SWIFT_STANDARD_LIBRARIES = YES;
				ASSETCATALOG_COMPILER_APPICON_NAME = AppIcon;
				ASSETCATALOG_COMPILER_GLOBAL_ACCENT_COLOR_NAME = AccentColor;
				ASSETCATALOG_COMPILER_INCLUDE_ALL_APPICON_ASSETS = YES;
				CODE_SIGN_STYLE = Automatic;
				CURRENT_PROJECT_VERSION = 1;
				DEVELOPMENT_TEAM = KYG7C4ND55;
				GENERATE_INFOPLIST_FILE = YES;
				IBSC_MODULE = WatchStopwatch_WatchKit_Extension;
				INFOPLIST_KEY_CFBundleDisplayName = WatchStopwatch;
				INFOPLIST_KEY_UISupportedInterfaceOrientations = "UIInterfaceOrientationPortrait UIInterfaceOrientationPortraitUpsideDown";
				INFOPLIST_KEY_WKCompanionAppBundleIdentifier = philip.chung.Stopwatch;
				MARKETING_VERSION = 1.0;
				PRODUCT_BUNDLE_IDENTIFIER = philip.chung.Stopwatch.watchkitapp;
				PRODUCT_NAME = "$(TARGET_NAME)";
				SDKROOT = watchos;
				SKIP_INSTALL = YES;
				SWIFT_EMIT_LOC_STRINGS = YES;
				SWIFT_VERSION = 5.0;
				TARGETED_DEVICE_FAMILY = 4;
				WATCHOS_DEPLOYMENT_TARGET = 8.0;
			};
			name = Debug;
		};
		D9F65C41272DC3AC009AE4F0 /* Release */ = {
			isa = XCBuildConfiguration;
			buildSettings = {
				ALWAYS_EMBED_SWIFT_STANDARD_LIBRARIES = YES;
				ASSETCATALOG_COMPILER_APPICON_NAME = AppIcon;
				ASSETCATALOG_COMPILER_GLOBAL_ACCENT_COLOR_NAME = AccentColor;
				ASSETCATALOG_COMPILER_INCLUDE_ALL_APPICON_ASSETS = YES;
				CODE_SIGN_STYLE = Automatic;
				CURRENT_PROJECT_VERSION = 1;
				DEVELOPMENT_TEAM = KYG7C4ND55;
				GENERATE_INFOPLIST_FILE = YES;
				IBSC_MODULE = WatchStopwatch_WatchKit_Extension;
				INFOPLIST_KEY_CFBundleDisplayName = WatchStopwatch;
				INFOPLIST_KEY_UISupportedInterfaceOrientations = "UIInterfaceOrientationPortrait UIInterfaceOrientationPortraitUpsideDown";
				INFOPLIST_KEY_WKCompanionAppBundleIdentifier = philip.chung.Stopwatch;
				MARKETING_VERSION = 1.0;
				PRODUCT_BUNDLE_IDENTIFIER = philip.chung.Stopwatch.watchkitapp;
				PRODUCT_NAME = "$(TARGET_NAME)";
				SDKROOT = watchos;
				SKIP_INSTALL = YES;
				SWIFT_EMIT_LOC_STRINGS = YES;
				SWIFT_VERSION = 5.0;
				TARGETED_DEVICE_FAMILY = 4;
				WATCHOS_DEPLOYMENT_TARGET = 8.0;
			};
			name = Release;
		};
/* End XCBuildConfiguration section */

/* Begin XCConfigurationList section */
		D97CE4E4272FE0A0002EA8BF /* Build configuration list for PBXNativeTarget "MacStopwatch" */ = {
			isa = XCConfigurationList;
			buildConfigurations = (
				D97CE4E2272FE0A0002EA8BF /* Debug */,
				D97CE4E3272FE0A0002EA8BF /* Release */,
			);
			defaultConfigurationIsVisible = 0;
			defaultConfigurationName = Release;
		};
		D9F65BA4272DA2A8009AE4F0 /* Build configuration list for PBXProject "Stopwatch" */ = {
			isa = XCConfigurationList;
			buildConfigurations = (
				D9F65BB5272DA2AA009AE4F0 /* Debug */,
				D9F65BB6272DA2AA009AE4F0 /* Release */,
			);
			defaultConfigurationIsVisible = 0;
			defaultConfigurationName = Release;
		};
		D9F65BB7272DA2AA009AE4F0 /* Build configuration list for PBXNativeTarget "Stopwatch" */ = {
			isa = XCConfigurationList;
			buildConfigurations = (
				D9F65BB8272DA2AA009AE4F0 /* Debug */,
				D9F65BB9272DA2AA009AE4F0 /* Release */,
			);
			defaultConfigurationIsVisible = 0;
			defaultConfigurationName = Release;
		};
		D9F65C3B272DC3AC009AE4F0 /* Build configuration list for PBXNativeTarget "WatchStopwatch WatchKit Extension" */ = {
			isa = XCConfigurationList;
			buildConfigurations = (
				D9F65C3C272DC3AC009AE4F0 /* Debug */,
				D9F65C3D272DC3AC009AE4F0 /* Release */,
			);
			defaultConfigurationIsVisible = 0;
			defaultConfigurationName = Release;
		};
		D9F65C3F272DC3AC009AE4F0 /* Build configuration list for PBXNativeTarget "WatchStopwatch" */ = {
			isa = XCConfigurationList;
			buildConfigurations = (
				D9F65C40272DC3AC009AE4F0 /* Debug */,
				D9F65C41272DC3AC009AE4F0 /* Release */,
			);
			defaultConfigurationIsVisible = 0;
			defaultConfigurationName = Release;
		};
/* End XCConfigurationList section */
	};
	rootObject = D9F65BA1272DA2A8009AE4F0 /* Project object */;
}
